
Microsoft Visual Studio Solution File, Format Version 12.00
# Visual Studio 15
VisualStudioVersion = 15.0.28307.902
MinimumVisualStudioVersion = 10.0.40219.1
Project("{FAE04EC0-301F-11D3-BF4B-00C04F79EFBC}") = "IA_Project", "IA_Project\IA_Project.csproj", "{5DBD254E-777A-4E15-84DD-DB6D0D61EC6B}"
EndProject
Global
	GlobalSection(SolutionConfigurationPlatforms) = preSolution
		Debug|Any CPU = Debug|Any CPU
		Release|Any CPU = Release|Any CPU
	EndGlobalSection
	GlobalSection(ProjectConfigurationPlatforms) = postSolution
		{5DBD254E-777A-4E15-84DD-DB6D0D61EC6B}.Debug|Any CPU.ActiveCfg = Debug|Any CPU
		{5DBD254E-777A-4E15-84DD-DB6D0D61EC6B}.Debug|Any CPU.Build.0 = Debug|Any CPU
		{5DBD254E-777A-4E15-84DD-DB6D0D61EC6B}.Release|Any CPU.ActiveCfg = Release|Any CPU
		{5DBD254E-777A-4E15-84DD-DB6D0D61EC6B}.Release|Any CPU.Build.0 = Release|Any CPU
	EndGlobalSection
	GlobalSection(SolutionProperties) = preSolution
		HideSolutionNode = FALSE
	EndGlobalSection
	GlobalSection(ExtensibilityGlobals) = postSolution
		SolutionGuid = {3F0E21D4-9E44-4A05-A4BA-78F3A080A6E7}
	EndGlobalSection
EndGlobal
